// !$*UTF8*$!
{
	archiveVersion = 1;
	classes = {
	};
	objectVersion = 50;
	objects = {

/* Begin PBXBuildFile section */
		EB670E9120B0448F0087E166 /* AppDelegate.m in Sources */ = {isa = PBXBuildFile; fileRef = EB670E9020B0448F0087E166 /* AppDelegate.m */; };
		EB670E9420B0448F0087E166 /* ViewController.m in Sources */ = {isa = PBXBuildFile; fileRef = EB670E9320B0448F0087E166 /* ViewController.m */; };
		EB670E9720B0448F0087E166 /* Main.storyboard in Resources */ = {isa = PBXBuildFile; fileRef = EB670E9520B0448F0087E166 /* Main.storyboard */; };
		EB670E9920B044900087E166 /* Assets.xcassets in Resources */ = {isa = PBXBuildFile; fileRef = EB670E9820B044900087E166 /* Assets.xcassets */; };
		EB670E9C20B044900087E166 /* LaunchScreen.storyboard in Resources */ = {isa = PBXBuildFile; fileRef = EB670E9A20B044900087E166 /* LaunchScreen.storyboard */; };
		EB670E9F20B044900087E166 /* main.m in Sources */ = {isa = PBXBuildFile; fileRef = EB670E9E20B044900087E166 /* main.m */; };
/* End PBXBuildFile section */

/* Begin PBXFileReference section */
		EB670E8C20B0448F0087E166 /* FM.app */ = {isa = PBXFileReference; explicitFileType = wrapper.application; includeInIndex = 0; path = FM.app; sourceTree = BUILT_PRODUCTS_DIR; };
		EB670E8F20B0448F0087E166 /* AppDelegate.h */ = {isa = PBXFileReference; lastKnownFileType = sourcecode.c.h; path = AppDelegate.h; sourceTree = "<group>"; };
		EB670E9020B0448F0087E166 /* AppDelegate.m */ = {isa = PBXFileReference; lastKnownFileType = sourcecode.c.objc; path = AppDelegate.m; sourceTree = "<group>"; };
		EB670E9220B0448F0087E166 /* ViewController.h */ = {isa = PBXFileReference; lastKnownFileType = sourcecode.c.h; path = ViewController.h; sourceTree = "<group>"; };
		EB670E9320B0448F0087E166 /* ViewController.m */ = {isa = PBXFileReference; lastKnownFileType = sourcecode.c.objc; path = ViewController.m; sourceTree = "<group>"; };
		EB670E9620B0448F0087E166 /* Base */ = {isa = PBXFileReference; lastKnownFileType = file.storyboard; name = Base; path = Base.lproj/Main.storyboard; sourceTree = "<group>"; };
		EB670E9820B044900087E166 /* Assets.xcassets */ = {isa = PBXFileReference; lastKnownFileType = folder.assetcatalog; path = Assets.xcassets; sourceTree = "<group>"; };
		EB670E9B20B044900087E166 /* Base */ = {isa = PBXFileReference; lastKnownFileType = file.storyboard; name = Base; path = Base.lproj/LaunchScreen.storyboard; sourceTree = "<group>"; };
		EB670E9D20B044900087E166 /* Info.plist */ = {isa = PBXFileReference; lastKnownFileType = text.plist.xml; path = Info.plist; sourceTree = "<group>"; };
		EB670E9E20B044900087E166 /* main.m */ = {isa = PBXFileReference; lastKnownFileType = sourcecode.c.objc; path = main.m; sourceTree = "<group>"; };
/* End PBXFileReference section */

/* Begin PBXFrameworksBuildPhase section */
		EB670E8920B0448F0087E166 /* Frameworks */ = {
			isa = PBXFrameworksBuildPhase;
			buildActionMask = 2147483647;
			files = (
			);
			runOnlyForDeploymentPostprocessing = 0;
		};
/* End PBXFrameworksBuildPhase section */

/* Begin PBXGroup section */
		EB670E8320B0448F0087E166 = {
			isa = PBXGroup;
			children = (
				EB670E8E20B0448F0087E166 /* FM */,
				EB670E8D20B0448F0087E166 /* Products */,
			);
			sourceTree = "<group>";
		};
		EB670E8D20B0448F0087E166 /* Products */ = {
			isa = PBXGroup;
			children = (
				EB670E8C20B0448F0087E166 /* FM.app */,
			);
			name = Products;
			sourceTree = "<group>";
		};
		EB670E8E20B0448F0087E166 /* FM */ = {
			isa = PBXGroup;
			children = (
				EB670E8F20B0448F0087E166 /* AppDelegate.h */,
				EB670E9020B0448F0087E166 /* AppDelegate.m */,
				EB670E9220B0448F0087E166 /* ViewController.h */,
				EB670E9320B0448F0087E166 /* ViewController.m */,
				EB670E9520B0448F0087E166 /* Main.storyboard */,
				EB670E9820B044900087E166 /* Assets.xcassets */,
				EB670E9A20B044900087E166 /* LaunchScreen.storyboard */,
				EB670E9D20B044900087E166 /* Info.plist */,
				EB670E9E20B044900087E166 /* main.m */,
			);
			path = FM;
			sourceTree = "<group>";
		};
/* End PBXGroup section */

/* Begin PBXNativeTarget section */
		EB670E8B20B0448F0087E166 /* FM */ = {
			isa = PBXNativeTarget;
			buildConfigurationList = EB670EA220B044900087E166 /* Build configuration list for PBXNativeTarget "FM" */;
			buildPhases = (
				EB670E8820B0448F0087E166 /* Sources */,
				EB670E8920B0448F0087E166 /* Frameworks */,
				EB670E8A20B0448F0087E166 /* Resources */,
			);
			buildRules = (
			);
			dependencies = (
			);
			name = FM;
			productName = FM;
			productReference = EB670E8C20B0448F0087E166 /* FM.app */;
			productType = "com.apple.product-type.application";
		};
/* End PBXNativeTarget section */

/* Begin PBXProject section */
		EB670E8420B0448F0087E166 /* Project object */ = {
			isa = PBXProject;
			attributes = {
				LastUpgradeCheck = 0930;
				ORGANIZATIONNAME = "mynSoo Wu";
				TargetAttributes = {
					EB670E8B20B0448F0087E166 = {
						CreatedOnToolsVersion = 9.3;
					};
				};
			};
			buildConfigurationList = EB670E8720B0448F0087E166 /* Build configuration list for PBXProject "FM" */;
			compatibilityVersion = "Xcode 9.3";
			developmentRegion = en;
			hasScannedForEncodings = 0;
			knownRegions = (
				en,
				Base,
			);
			mainGroup = EB670E8320B0448F0087E166;
			productRefGroup = EB670E8D20B0448F0087E166 /* Products */;
			projectDirPath = "";
			projectRoot = "";
			targets = (
				EB670E8B20B0448F0087E166 /* FM */,
			);
		};
/* End PBXProject section */

/* Begin PBXResourcesBuildPhase section */
		EB670E8A20B0448F0087E166 /* Resources */ = {
			isa = PBXResourcesBuildPhase;
			buildActionMask = 2147483647;
			files = (
				EB670E9C20B044900087E166 /* LaunchScreen.storyboard in Resources */,
				EB670E9920B044900087E166 /* Assets.xcassets in Resources */,
				EB670E9720B0448F0087E166 /* Main.storyboard in Resources */,
			);
			runOnlyForDeploymentPostprocessing = 0;
		};
/* End PBXResourcesBuildPhase section */

/* Begin PBXSourcesBuildPhase section */
		EB670E8820B0448F0087E166 /* Sources */ = {
			isa = PBXSourcesBuildPhase;
			buildActionMask = 2147483647;
			files = (
				EB670E9420B0448F0087E166 /* ViewController.m in Sources */,
				EB670E9F20B044900087E166 /* main.m in Sources */,
				EB670E9120B0448F0087E166 /* AppDelegate.m in Sources */,
			);
			runOnlyForDeploymentPostprocessing = 0;
		};
/* End PBXSourcesBuildPhase section */

/* Begin PBXVariantGroup section */
		EB670E9520B0448F0087E166 /* Main.storyboard */ = {
			isa = PBXVariantGroup;
			children = (
				EB670E9620B0448F0087E166 /* Base */,
			);
			name = Main.storyboard;
			sourceTree = "<group>";
		};
		EB670E9A20B044900087E166 /* LaunchScreen.storyboard */ = {
			isa = PBXVariantGroup;
			children = (
				EB670E9B20B044900087E166 /* Base */,
			);
			name = LaunchScreen.storyboard;
			sourceTree = "<group>";
		};
/* End PBXVariantGroup section */

/* Begin XCBuildConfiguration section */
		EB670EA020B044900087E166 /* Debug */ = {
			isa = XCBuildConfiguration;
			buildSettings = {
				ALWAYS_SEARCH_USER_PATHS = NO;
				CLANG_ANALYZER_NONNULL = YES;
				CLANG_ANALYZER_NUMBER_OBJECT_CONVERSION = YES_AGGRESSIVE;
				CLANG_CXX_LANGUAGE_STANDARD = "gnu++14";
				CLANG_CXX_LIBRARY = "libc++";
				CLANG_ENABLE_MODULES = YES;
				CLANG_ENABLE_OBJC_ARC = YES;
				CLANG_ENABLE_OBJC_WEAK = YES;
				CLANG_WARN_BLOCK_CAPTURE_AUTORELEASING = YES;
				CLANG_WARN_BOOL_CONVERSION = YES;
				CLANG_WARN_COMMA = YES;
				CLANG_WARN_CONSTANT_CONVERSION = YES;
				CLANG_WARN_DEPRECATED_OBJC_IMPLEMENTATIONS = YES;
				CLANG_WARN_DIRECT_OBJC_ISA_USAGE = YES_ERROR;
				CLANG_WARN_DOCUMENTATION_COMMENTS = YES;
				CLANG_WARN_EMPTY_BODY = YES;
				CLANG_WARN_ENUM_CONVERSION = YES;
				CLANG_WARN_INFINITE_RECURSION = YES;
				CLANG_WARN_INT_CONVERSION = YES;
				CLANG_WARN_NON_LITERAL_NULL_CONVERSION = YES;
				CLANG_WARN_OBJC_IMPLICIT_RETAIN_SELF = YES;
				CLANG_WARN_OBJC_LITERAL_CONVERSION = YES;
				CLANG_WARN_OBJC_ROOT_CLASS = YES_ERROR;
				CLANG_WARN_RANGE_LOOP_ANALYSIS = YES;
				CLANG_WARN_STRICT_PROTOTYPES = YES;
				CLANG_WARN_SUSPICIOUS_MOVE = YES;
				CLANG_WARN_UNGUARDED_AVAILABILITY = YES_AGGRESSIVE;
				CLANG_WARN_UNREACHABLE_CODE = YES;
				CLANG_WARN__DUPLICATE_METHOD_MATCH = YES;
				CODE_SIGN_IDENTITY = "iPhone Developer";
				COPY_PHASE_STRIP = NO;
				DEBUG_INFORMATION_FORMAT = dwarf;
				ENABLE_STRICT_OBJC_MSGSEND = YES;
				ENABLE_TESTABILITY = YES;
				GCC_C_LANGUAGE_STANDARD = gnu11;
				GCC_DYNAMIC_NO_PIC = NO;
				GCC_NO_COMMON_BLOCKS = YES;
				GCC_OPTIMIZATION_LEVEL = 0;
				GCC_PREPROCESSOR_DEFINITIONS = (
					"DEBUG=1",
					"$(inherited)",
				);
				GCC_WARN_64_TO_32_BIT_CONVERSION = YES;
				GCC_WARN_ABOUT_RETURN_TYPE = YES_ERROR;
				GCC_WARN_UNDECLARED_SELECTOR = YES;
				GCC_WARN_UNINITIALIZED_AUTOS = YES_AGGRESSIVE;
				GCC_WARN_UNUSED_FUNCTION = YES;
				GCC_WARN_UNUSED_VARIABLE = YES;
				IPHONEOS_DEPLOYMENT_TARGET = 11.3;
				MTL_ENABLE_DEBUG_INFO = YES;
				ONLY_ACTIVE_ARCH = YES;
				SDKROOT = iphoneos;
			};
			name = Debug;
		};
		EB670EA120B044900087E166 /* Release */ = {
			isa = XCBuildConfiguration;
			buildSettings = {
				ALWAYS_SEARCH_USER_PATHS = NO;
				CLANG_ANALYZER_NONNULL = YES;
				CLANG_ANALYZER_NUMBER_OBJECT_CONVERSION = YES_AGGRESSIVE;
				CLANG_CXX_LANGUAGE_STANDARD = "gnu++14";
				CLANG_CXX_LIBRARY = "libc++";
				CLANG_ENABLE_MODULES = YES;
				CLANG_ENABLE_OBJC_ARC = YES;
				CLANG_ENABLE_OBJC_WEAK = YES;
				CLANG_WARN_BLOCK_CAPTURE_AUTORELEASING = YES;
				CLANG_WARN_BOOL_CONVERSION = YES;
				CLANG_WARN_COMMA = YES;
				CLANG_WARN_CONSTANT_CONVERSION = YES;
				CLANG_WARN_DEPRECATED_OBJC_IMPLEMENTATIONS = YES;
				CLANG_WARN_DIRECT_OBJC_ISA_USAGE = YES_ERROR;
				CLANG_WARN_DOCUMENTATION_COMMENTS = YES;
				CLANG_WARN_EMPTY_BODY = YES;
				CLANG_WARN_ENUM_CONVERSION = YES;
				CLANG_WARN_INFINITE_RECURSION = YES;
				CLANG_WARN_INT_CONVERSION = YES;
				CLANG_WARN_NON_LITERAL_NULL_CONVERSION = YES;
				CLANG_WARN_OBJC_IMPLICIT_RETAIN_SELF = YES;
				CLANG_WARN_OBJC_LITERAL_CONVERSION = YES;
				CLANG_WARN_OBJC_ROOT_CLASS = YES_ERROR;
				CLANG_WARN_RANGE_LOOP_ANALYSIS = YES;
				CLANG_WARN_STRICT_PROTOTYPES = YES;
				CLANG_WARN_SUSPICIOUS_MOVE = YES;
				CLANG_WARN_UNGUARDED_AVAILABILITY = YES_AGGRESSIVE;
				CLANG_WARN_UNREACHABLE_CODE = YES;
				CLANG_WARN__DUPLICATE_METHOD_MATCH = YES;
				CODE_SIGN_IDENTITY = "iPhone Developer";
				COPY_PHASE_STRIP = NO;
				DEBUG_INFORMATION_FORMAT = "dwarf-with-dsym";
				ENABLE_NS_ASSERTIONS = NO;
				ENABLE_STRICT_OBJC_MSGSEND = YES;
				GCC_C_LANGUAGE_STANDARD = gnu11;
				GCC_NO_COMMON_BLOCKS = YES;
				GCC_WARN_64_TO_32_BIT_CONVERSION = YES;
				GCC_WARN_ABOUT_RETURN_TYPE = YES_ERROR;
				GCC_WARN_UNDECLARED_SELECTOR = YES;
				GCC_WARN_UNINITIALIZED_AUTOS = YES_AGGRESSIVE;
				GCC_WARN_UNUSED_FUNCTION = YES;
				GCC_WARN_UNUSED_VARIABLE = YES;
				IPHONEOS_DEPLOYMENT_TARGET = 11.3;
				MTL_ENABLE_DEBUG_INFO = NO;
				SDKROOT = iphoneos;
				VALIDATE_PRODUCT = YES;
			};
			name = Release;
		};
		EB670EA320B044900087E166 /* Debug */ = {
			isa = XCBuildConfiguration;
			buildSettings = {
				ASSETCATALOG_COMPILER_APPICON_NAME = AppIcon;
				CODE_SIGN_STYLE = Automatic;
				DEVELOPMENT_TEAM = B36DHYLG6C;
				INFOPLIST_FILE = FM/Info.plist;
				LD_RUNPATH_SEARCH_PATHS = (
					"$(inherited)",
					"@executable_path/Frameworks",
				);
				PRODUCT_BUNDLE_IDENTIFIER = "mynSoo-Wu.FM";
				PRODUCT_NAME = "$(TARGET_NAME)";
				TARGETED_DEVICE_FAMILY = "1,2";
			};
			name = Debug;
		};
		EB670EA420B044900087E166 /* Release */ = {
			isa = XCBuildConfiguration;
			buildSettings = {
				ASSETCATALOG_COMPILER_APPICON_NAME = AppIcon;
				CODE_SIGN_STYLE = Automatic;
				DEVELOPMENT_TEAM = B36DHYLG6C;
				INFOPLIST_FILE = FM/Info.plist;
				LD_RUNPATH_SEARCH_PATHS = (
					"$(inherited)",
					"@executable_path/Frameworks",
				);
				PRODUCT_BUNDLE_IDENTIFIER = "mynSoo-Wu.FM";
				PRODUCT_NAME = "$(TARGET_NAME)";
				TARGETED_DEVICE_FAMILY = "1,2";
			};
			name = Release;
		};
/* End XCBuildConfiguration section */

/* Begin XCConfigurationList section */
		EB670E8720B0448F0087E166 /* Build configuration list for PBXProject "FM" */ = {
			isa = XCConfigurationList;
			buildConfigurations = (
				EB670EA020B044900087E166 /* Debug */,
				EB670EA120B044900087E166 /* Release */,
			);
			defaultConfigurationIsVisible = 0;
			defaultConfigurationName = Release;
		};
		EB670EA220B044900087E166 /* Build configuration list for PBXNativeTarget "FM" */ = {
			isa = XCConfigurationList;
			buildConfigurations = (
				EB670EA320B044900087E166 /* Debug */,
				EB670EA420B044900087E166 /* Release */,
			);
			defaultConfigurationIsVisible = 0;
			defaultConfigurationName = Release;
		};
/* End XCConfigurationList section */
	};
	rootObject = EB670E8420B0448F0087E166 /* Project object */;
}
